
Microsoft Visual Studio Solution File, Format Version 12.00
# Visual Studio 15
VisualStudioVersion = 15.0.28307.271
MinimumVisualStudioVersion = 10.0.40219.1
Project("{AA6C8D78-22FF-423A-9C7C-5F2393824E04}") = "Problem001", "Problem001\Problem001.xsproj", "{BE4B7E08-00CE-4612-BCC7-93D8208732C6}"
EndProject
Project("{AA6C8D78-22FF-423A-9C7C-5F2393824E04}") = "Problem002", "Problem002\Problem002.xsproj", "{7959D0C0-C73A-442B-B6D5-9919CEC2559E}"
EndProject
Project("{AA6C8D78-22FF-423A-9C7C-5F2393824E04}") = "Problem003", "Problem003\Problem003.xsproj", "{9B6929FF-9DBE-49B9-AB32-27FE4C6E81B1}"
EndProject
Project("{AA6C8D78-22FF-423A-9C7C-5F2393824E04}") = "Problem004", "Problem004\Problem004.xsproj", "{0F8473FE-7FB1-4DEC-9CF7-A85ACE1E6843}"
EndProject
Project("{AA6C8D78-22FF-423A-9C7C-5F2393824E04}") = "Problem005", "Problem005\Problem005.xsproj", "{D9847343-E364-4F5E-B6D7-D24A8BF44187}"
EndProject
Project("{AA6C8D78-22FF-423A-9C7C-5F2393824E04}") = "Problem006", "Problem006\Problem006.xsproj", "{53D735E7-03D2-4415-8FCB-FD3A4D547B0F}"
EndProject
Project("{AA6C8D78-22FF-423A-9C7C-5F2393824E04}") = "Problem007", "Problem007\Problem007.xsproj", "{B82FED3B-E759-4C49-B4E9-FF2FA1D49215}"
EndProject
Project("{AA6C8D78-22FF-423A-9C7C-5F2393824E04}") = "Problem008", "Problem008\Problem008.xsproj", "{2B7ED52F-A3D9-4F7B-AFCB-9A2510F462A2}"
EndProject
Project("{AA6C8D78-22FF-423A-9C7C-5F2393824E04}") = "Problem009", "Problem009\Problem009.xsproj", "{6B8F4A22-D9A8-4590-80BE-21B081F6C4DA}"
EndProject
Project("{AA6C8D78-22FF-423A-9C7C-5F2393824E04}") = "Problem010", "Problem010\Problem010.xsproj", "{CC1C6F75-0CC5-43BD-98BA-AC89C8566109}"
EndProject
Project("{AA6C8D78-22FF-423A-9C7C-5F2393824E04}") = "Problem011", "Problem011\Problem011.xsproj", "{69009648-3842-4330-A73F-615490E849DF}"
EndProject
Project("{AA6C8D78-22FF-423A-9C7C-5F2393824E04}") = "Problem012", "Problem012\Problem012.xsproj", "{436F8F80-A732-455A-8A3D-7E94E32D47E9}"
EndProject
Project("{AA6C8D78-22FF-423A-9C7C-5F2393824E04}") = "Problem013", "Problem013\Problem013.xsproj", "{F6AA6DC9-DA04-487D-9904-48F5C2CC5A45}"
EndProject
Project("{AA6C8D78-22FF-423A-9C7C-5F2393824E04}") = "Problem014", "Problem014\Problem014.xsproj", "{9F28398E-891D-42BF-8D9D-D65E027267FC}"
EndProject
Project("{AA6C8D78-22FF-423A-9C7C-5F2393824E04}") = "Problem015", "Problem015\Problem015.xsproj", "{48B276F2-541E-4376-8485-4EDB3B557BA7}"
EndProject
Project("{AA6C8D78-22FF-423A-9C7C-5F2393824E04}") = "Problem016", "Problem016\Problem016.xsproj", "{3E87C30D-6E33-491E-8C8F-329948013710}"
EndProject
Global
	GlobalSection(SolutionConfigurationPlatforms) = preSolution
		Debug|Any CPU = Debug|Any CPU
		Release|Any CPU = Release|Any CPU
	EndGlobalSection
	GlobalSection(ProjectConfigurationPlatforms) = postSolution
		{BE4B7E08-00CE-4612-BCC7-93D8208732C6}.Debug|Any CPU.ActiveCfg = Debug|Any CPU
		{BE4B7E08-00CE-4612-BCC7-93D8208732C6}.Debug|Any CPU.Build.0 = Debug|Any CPU
		{BE4B7E08-00CE-4612-BCC7-93D8208732C6}.Release|Any CPU.ActiveCfg = Release|Any CPU
		{BE4B7E08-00CE-4612-BCC7-93D8208732C6}.Release|Any CPU.Build.0 = Release|Any CPU
		{7959D0C0-C73A-442B-B6D5-9919CEC2559E}.Debug|Any CPU.ActiveCfg = Debug|Any CPU
		{7959D0C0-C73A-442B-B6D5-9919CEC2559E}.Debug|Any CPU.Build.0 = Debug|Any CPU
		{7959D0C0-C73A-442B-B6D5-9919CEC2559E}.Release|Any CPU.ActiveCfg = Release|Any CPU
		{7959D0C0-C73A-442B-B6D5-9919CEC2559E}.Release|Any CPU.Build.0 = Release|Any CPU
		{9B6929FF-9DBE-49B9-AB32-27FE4C6E81B1}.Debug|Any CPU.ActiveCfg = Debug|Any CPU
		{9B6929FF-9DBE-49B9-AB32-27FE4C6E81B1}.Debug|Any CPU.Build.0 = Debug|Any CPU
		{9B6929FF-9DBE-49B9-AB32-27FE4C6E81B1}.Release|Any CPU.ActiveCfg = Release|Any CPU
		{9B6929FF-9DBE-49B9-AB32-27FE4C6E81B1}.Release|Any CPU.Build.0 = Release|Any CPU
		{0F8473FE-7FB1-4DEC-9CF7-A85ACE1E6843}.Debug|Any CPU.ActiveCfg = Debug|Any CPU
		{0F8473FE-7FB1-4DEC-9CF7-A85ACE1E6843}.Debug|Any CPU.Build.0 = Debug|Any CPU
		{0F8473FE-7FB1-4DEC-9CF7-A85ACE1E6843}.Release|Any CPU.ActiveCfg = Release|Any CPU
		{0F8473FE-7FB1-4DEC-9CF7-A85ACE1E6843}.Release|Any CPU.Build.0 = Release|Any CPU
		{D9847343-E364-4F5E-B6D7-D24A8BF44187}.Debug|Any CPU.ActiveCfg = Debug|Any CPU
		{D9847343-E364-4F5E-B6D7-D24A8BF44187}.Debug|Any CPU.Build.0 = Debug|Any CPU
		{D9847343-E364-4F5E-B6D7-D24A8BF44187}.Release|Any CPU.ActiveCfg = Release|Any CPU
		{D9847343-E364-4F5E-B6D7-D24A8BF44187}.Release|Any CPU.Build.0 = Release|Any CPU
		{53D735E7-03D2-4415-8FCB-FD3A4D547B0F}.Debug|Any CPU.ActiveCfg = Debug|Any CPU
		{53D735E7-03D2-4415-8FCB-FD3A4D547B0F}.Debug|Any CPU.Build.0 = Debug|Any CPU
		{53D735E7-03D2-4415-8FCB-FD3A4D547B0F}.Release|Any CPU.ActiveCfg = Release|Any CPU
		{53D735E7-03D2-4415-8FCB-FD3A4D547B0F}.Release|Any CPU.Build.0 = Release|Any CPU
		{B82FED3B-E759-4C49-B4E9-FF2FA1D49215}.Debug|Any CPU.ActiveCfg = Debug|Any CPU
		{B82FED3B-E759-4C49-B4E9-FF2FA1D49215}.Debug|Any CPU.Build.0 = Debug|Any CPU
		{B82FED3B-E759-4C49-B4E9-FF2FA1D49215}.Release|Any CPU.ActiveCfg = Release|Any CPU
		{B82FED3B-E759-4C49-B4E9-FF2FA1D49215}.Release|Any CPU.Build.0 = Release|Any CPU
		{2B7ED52F-A3D9-4F7B-AFCB-9A2510F462A2}.Debug|Any CPU.ActiveCfg = Debug|Any CPU
		{2B7ED52F-A3D9-4F7B-AFCB-9A2510F462A2}.Debug|Any CPU.Build.0 = Debug|Any CPU
		{2B7ED52F-A3D9-4F7B-AFCB-9A2510F462A2}.Release|Any CPU.ActiveCfg = Release|Any CPU
		{2B7ED52F-A3D9-4F7B-AFCB-9A2510F462A2}.Release|Any CPU.Build.0 = Release|Any CPU
		{6B8F4A22-D9A8-4590-80BE-21B081F6C4DA}.Debug|Any CPU.ActiveCfg = Debug|Any CPU
		{6B8F4A22-D9A8-4590-80BE-21B081F6C4DA}.Debug|Any CPU.Build.0 = Debug|Any CPU
		{6B8F4A22-D9A8-4590-80BE-21B081F6C4DA}.Release|Any CPU.ActiveCfg = Release|Any CPU
		{6B8F4A22-D9A8-4590-80BE-21B081F6C4DA}.Release|Any CPU.Build.0 = Release|Any CPU
		{CC1C6F75-0CC5-43BD-98BA-AC89C8566109}.Debug|Any CPU.ActiveCfg = Debug|Any CPU
		{CC1C6F75-0CC5-43BD-98BA-AC89C8566109}.Debug|Any CPU.Build.0 = Debug|Any CPU
		{CC1C6F75-0CC5-43BD-98BA-AC89C8566109}.Release|Any CPU.ActiveCfg = Release|Any CPU
		{CC1C6F75-0CC5-43BD-98BA-AC89C8566109}.Release|Any CPU.Build.0 = Release|Any CPU
		{69009648-3842-4330-A73F-615490E849DF}.Debug|Any CPU.ActiveCfg = Debug|Any CPU
		{69009648-3842-4330-A73F-615490E849DF}.Debug|Any CPU.Build.0 = Debug|Any CPU
		{69009648-3842-4330-A73F-615490E849DF}.Release|Any CPU.ActiveCfg = Release|Any CPU
		{69009648-3842-4330-A73F-615490E849DF}.Release|Any CPU.Build.0 = Release|Any CPU
		{436F8F80-A732-455A-8A3D-7E94E32D47E9}.Debug|Any CPU.ActiveCfg = Debug|Any CPU
		{436F8F80-A732-455A-8A3D-7E94E32D47E9}.Debug|Any CPU.Build.0 = Debug|Any CPU
		{436F8F80-A732-455A-8A3D-7E94E32D47E9}.Release|Any CPU.ActiveCfg = Release|Any CPU
		{436F8F80-A732-455A-8A3D-7E94E32D47E9}.Release|Any CPU.Build.0 = Release|Any CPU
		{F6AA6DC9-DA04-487D-9904-48F5C2CC5A45}.Debug|Any CPU.ActiveCfg = Debug|Any CPU
		{F6AA6DC9-DA04-487D-9904-48F5C2CC5A45}.Debug|Any CPU.Build.0 = Debug|Any CPU
		{F6AA6DC9-DA04-487D-9904-48F5C2CC5A45}.Release|Any CPU.ActiveCfg = Release|Any CPU
		{F6AA6DC9-DA04-487D-9904-48F5C2CC5A45}.Release|Any CPU.Build.0 = Release|Any CPU
		{9F28398E-891D-42BF-8D9D-D65E027267FC}.Debug|Any CPU.ActiveCfg = Debug|Any CPU
		{9F28398E-891D-42BF-8D9D-D65E027267FC}.Debug|Any CPU.Build.0 = Debug|Any CPU
		{9F28398E-891D-42BF-8D9D-D65E027267FC}.Release|Any CPU.ActiveCfg = Release|Any CPU
		{9F28398E-891D-42BF-8D9D-D65E027267FC}.Release|Any CPU.Build.0 = Release|Any CPU
		{48B276F2-541E-4376-8485-4EDB3B557BA7}.Debug|Any CPU.ActiveCfg = Debug|Any CPU
		{48B276F2-541E-4376-8485-4EDB3B557BA7}.Debug|Any CPU.Build.0 = Debug|Any CPU
		{48B276F2-541E-4376-8485-4EDB3B557BA7}.Release|Any CPU.ActiveCfg = Release|Any CPU
		{48B276F2-541E-4376-8485-4EDB3B557BA7}.Release|Any CPU.Build.0 = Release|Any CPU
		{3E87C30D-6E33-491E-8C8F-329948013710}.Debug|Any CPU.ActiveCfg = Debug|Any CPU
		{3E87C30D-6E33-491E-8C8F-329948013710}.Debug|Any CPU.Build.0 = Debug|Any CPU
		{3E87C30D-6E33-491E-8C8F-329948013710}.Release|Any CPU.ActiveCfg = Release|Any CPU
		{3E87C30D-6E33-491E-8C8F-329948013710}.Release|Any CPU.Build.0 = Release|Any CPU
	EndGlobalSection
	GlobalSection(SolutionProperties) = preSolution
		HideSolutionNode = FALSE
	EndGlobalSection
	GlobalSection(ExtensibilityGlobals) = postSolution
		SolutionGuid = {3520D30C-1336-4BE0-8960-C7A4B181A972}
	EndGlobalSection
EndGlobal
